
Microsoft Visual Studio Solution File, Format Version 12.00
# Visual Studio 15
VisualStudioVersion = 15.0.27703.2018
MinimumVisualStudioVersion = 10.0.40219.1
Project("{FAE04EC0-301F-11D3-BF4B-00C04F79EFBC}") = "JobBooth", "JobBooth.csproj", "{AB95DB1A-DE99-4D31-BC51-0986D6C4BF3C}"
EndProject
Global
	GlobalSection(SolutionConfigurationPlatforms) = preSolution
		Debug|Any CPU = Debug|Any CPU
		Release|Any CPU = Release|Any CPU
	EndGlobalSection
	GlobalSection(ProjectConfigurationPlatforms) = postSolution
		{AB95DB1A-DE99-4D31-BC51-0986D6C4BF3C}.Debug|Any CPU.ActiveCfg = Debug|Any CPU
		{AB95DB1A-DE99-4D31-BC51-0986D6C4BF3C}.Debug|Any CPU.Build.0 = Debug|Any CPU
		{AB95DB1A-DE99-4D31-BC51-0986D6C4BF3C}.Release|Any CPU.ActiveCfg = Release|Any CPU
		{AB95DB1A-DE99-4D31-BC51-0986D6C4BF3C}.Release|Any CPU.Build.0 = Release|Any CPU
	EndGlobalSection
	GlobalSection(SolutionProperties) = preSolution
		HideSolutionNode = FALSE
	EndGlobalSection
	GlobalSection(ExtensibilityGlobals) = postSolution
		SolutionGuid = {65E128DC-F443-4910-813C-34A719E9D8BA}
	EndGlobalSection
EndGlobal
